// !$*UTF8*$!
{
	archiveVersion = 1;
	classes = {
	};
	objectVersion = 77;
	objects = {

/* Begin PBXBuildFile section */
		22A0B7042D8A1CDD00B15CB3 /* Relay in Frameworks */ = {isa = PBXBuildFile; productRef = 22A0B7032D8A1CDD00B15CB3 /* Relay */; };
		22B90D302DFB351B0031ECA1 /* MarkdownUI in Frameworks */ = {isa = PBXBuildFile; productRef = 22B90D2F2DFB351B0031ECA1 /* MarkdownUI */; };
/* End PBXBuildFile section */

/* Begin PBXContainerItemProxy section */
		22A0B6E52D8A15F700B15CB3 /* PBXContainerItemProxy */ = {
			isa = PBXContainerItemProxy;
			containerPortal = 22A0B6CB2D8A15F400B15CB3 /* Project object */;
			proxyType = 1;
			remoteGlobalIDString = 22A0B6D22D8A15F400B15CB3;
			remoteInfo = RelayExample;
		};
		22A0B6EF2D8A15F700B15CB3 /* PBXContainerItemProxy */ = {
			isa = PBXContainerItemProxy;
			containerPortal = 22A0B6CB2D8A15F400B15CB3 /* Project object */;
			proxyType = 1;
			remoteGlobalIDString = 22A0B6D22D8A15F400B15CB3;
			remoteInfo = RelayExample;
		};
/* End PBXContainerItemProxy section */

/* Begin PBXFileReference section */
		22A0B6D32D8A15F400B15CB3 /* RelayExample.app */ = {isa = PBXFileReference; explicitFileType = wrapper.application; includeInIndex = 0; path = RelayExample.app; sourceTree = BUILT_PRODUCTS_DIR; };
		22A0B6E42D8A15F700B15CB3 /* RelayExampleTests.xctest */ = {isa = PBXFileReference; explicitFileType = wrapper.cfbundle; includeInIndex = 0; path = RelayExampleTests.xctest; sourceTree = BUILT_PRODUCTS_DIR; };
		22A0B6EE2D8A15F700B15CB3 /* RelayExampleUITests.xctest */ = {isa = PBXFileReference; explicitFileType = wrapper.cfbundle; includeInIndex = 0; path = RelayExampleUITests.xctest; sourceTree = BUILT_PRODUCTS_DIR; };
/* End PBXFileReference section */

/* Begin PBXFileSystemSynchronizedRootGroup section */
		22A0B6D52D8A15F400B15CB3 /* RelayExample */ = {
			isa = PBXFileSystemSynchronizedRootGroup;
			path = RelayExample;
			sourceTree = "<group>";
		};
		22A0B6E72D8A15F700B15CB3 /* RelayExampleTests */ = {
			isa = PBXFileSystemSynchronizedRootGroup;
			path = RelayExampleTests;
			sourceTree = "<group>";
		};
		22A0B6F12D8A15F700B15CB3 /* RelayExampleUITests */ = {
			isa = PBXFileSystemSynchronizedRootGroup;
			path = RelayExampleUITests;
			sourceTree = "<group>";
		};
/* End PBXFileSystemSynchronizedRootGroup section */

/* Begin PBXFrameworksBuildPhase section */
		22A0B6D02D8A15F400B15CB3 /* Frameworks */ = {
			isa = PBXFrameworksBuildPhase;
			buildActionMask = 2147483647;
			files = (
				22A0B7042D8A1CDD00B15CB3 /* Relay in Frameworks */,
				22B90D302DFB351B0031ECA1 /* MarkdownUI in Frameworks */,
			);
			runOnlyForDeploymentPostprocessing = 0;
		};
		22A0B6E12D8A15F700B15CB3 /* Frameworks */ = {
			isa = PBXFrameworksBuildPhase;
			buildActionMask = 2147483647;
			files = (
			);
			runOnlyForDeploymentPostprocessing = 0;
		};
		22A0B6EB2D8A15F700B15CB3 /* Frameworks */ = {
			isa = PBXFrameworksBuildPhase;
			buildActionMask = 2147483647;
			files = (
			);
			runOnlyForDeploymentPostprocessing = 0;
		};
/* End PBXFrameworksBuildPhase section */

/* Begin PBXGroup section */
		22A0B6CA2D8A15F400B15CB3 = {
			isa = PBXGroup;
			children = (
				22A0B6D52D8A15F400B15CB3 /* RelayExample */,
				22A0B6E72D8A15F700B15CB3 /* RelayExampleTests */,
				22A0B6F12D8A15F700B15CB3 /* RelayExampleUITests */,
				22B90D2E2DFB351B0031ECA1 /* Frameworks */,
				22A0B6D42D8A15F400B15CB3 /* Products */,
			);
			sourceTree = "<group>";
		};
		22A0B6D42D8A15F400B15CB3 /* Products */ = {
			isa = PBXGroup;
			children = (
				22A0B6D32D8A15F400B15CB3 /* RelayExample.app */,
				22A0B6E42D8A15F700B15CB3 /* RelayExampleTests.xctest */,
				22A0B6EE2D8A15F700B15CB3 /* RelayExampleUITests.xctest */,
			);
			name = Products;
			sourceTree = "<group>";
		};
		22B90D2E2DFB351B0031ECA1 /* Frameworks */ = {
			isa = PBXGroup;
			children = (
			);
			name = Frameworks;
			sourceTree = "<group>";
		};
/* End PBXGroup section */

/* Begin PBXNativeTarget section */
		22A0B6D22D8A15F400B15CB3 /* RelayExample */ = {
			isa = PBXNativeTarget;
			buildConfigurationList = 22A0B6F82D8A15F700B15CB3 /* Build configuration list for PBXNativeTarget "RelayExample" */;
			buildPhases = (
				22A0B6CF2D8A15F400B15CB3 /* Sources */,
				22A0B6D02D8A15F400B15CB3 /* Frameworks */,
				22A0B6D12D8A15F400B15CB3 /* Resources */,
			);
			buildRules = (
			);
			dependencies = (
			);
			fileSystemSynchronizedGroups = (
				22A0B6D52D8A15F400B15CB3 /* RelayExample */,
			);
			name = RelayExample;
			packageProductDependencies = (
				22A0B7032D8A1CDD00B15CB3 /* Relay */,
				22B90D2F2DFB351B0031ECA1 /* MarkdownUI */,
			);
			productName = RelayExample;
			productReference = 22A0B6D32D8A15F400B15CB3 /* RelayExample.app */;
			productType = "com.apple.product-type.application";
		};
		22A0B6E32D8A15F700B15CB3 /* RelayExampleTests */ = {
			isa = PBXNativeTarget;
			buildConfigurationList = 22A0B6FB2D8A15F700B15CB3 /* Build configuration list for PBXNativeTarget "RelayExampleTests" */;
			buildPhases = (
				22A0B6E02D8A15F700B15CB3 /* Sources */,
				22A0B6E12D8A15F700B15CB3 /* Frameworks */,
				22A0B6E22D8A15F700B15CB3 /* Resources */,
			);
			buildRules = (
			);
			dependencies = (
				22A0B6E62D8A15F700B15CB3 /* PBXTargetDependency */,
			);
			fileSystemSynchronizedGroups = (
				22A0B6E72D8A15F700B15CB3 /* RelayExampleTests */,
			);
			name = RelayExampleTests;
			packageProductDependencies = (
			);
			productName = RelayExampleTests;
			productReference = 22A0B6E42D8A15F700B15CB3 /* RelayExampleTests.xctest */;
			productType = "com.apple.product-type.bundle.unit-test";
		};
		22A0B6ED2D8A15F700B15CB3 /* RelayExampleUITests */ = {
			isa = PBXNativeTarget;
			buildConfigurationList = 22A0B6FE2D8A15F700B15CB3 /* Build configuration list for PBXNativeTarget "RelayExampleUITests" */;
			buildPhases = (
				22A0B6EA2D8A15F700B15CB3 /* Sources */,
				22A0B6EB2D8A15F700B15CB3 /* Frameworks */,
				22A0B6EC2D8A15F700B15CB3 /* Resources */,
			);
			buildRules = (
			);
			dependencies = (
				22A0B6F02D8A15F700B15CB3 /* PBXTargetDependency */,
			);
			fileSystemSynchronizedGroups = (
				22A0B6F12D8A15F700B15CB3 /* RelayExampleUITests */,
			);
			name = RelayExampleUITests;
			packageProductDependencies = (
			);
			productName = RelayExampleUITests;
			productReference = 22A0B6EE2D8A15F700B15CB3 /* RelayExampleUITests.xctest */;
			productType = "com.apple.product-type.bundle.ui-testing";
		};
/* End PBXNativeTarget section */

/* Begin PBXProject section */
		22A0B6CB2D8A15F400B15CB3 /* Project object */ = {
			isa = PBXProject;
			attributes = {
				BuildIndependentTargetsInParallel = 1;
				LastSwiftUpdateCheck = 1620;
				LastUpgradeCheck = 1620;
				TargetAttributes = {
					22A0B6D22D8A15F400B15CB3 = {
						CreatedOnToolsVersion = 16.2;
					};
					22A0B6E32D8A15F700B15CB3 = {
						CreatedOnToolsVersion = 16.2;
						TestTargetID = 22A0B6D22D8A15F400B15CB3;
					};
					22A0B6ED2D8A15F700B15CB3 = {
						CreatedOnToolsVersion = 16.2;
						TestTargetID = 22A0B6D22D8A15F400B15CB3;
					};
				};
			};
			buildConfigurationList = 22A0B6CE2D8A15F400B15CB3 /* Build configuration list for PBXProject "RelayExample" */;
			developmentRegion = en;
			hasScannedForEncodings = 0;
			knownRegions = (
				en,
				Base,
			);
			mainGroup = 22A0B6CA2D8A15F400B15CB3;
			minimizedProjectReferenceProxies = 1;
			packageReferences = (
				225E675D2D8DBF3200CDB04D /* XCLocalSwiftPackageReference "../relay" */,
				22B90D2D2DFB32140031ECA1 /* XCRemoteSwiftPackageReference "swift-markdown-ui" */,
			);
			preferredProjectObjectVersion = 77;
			productRefGroup = 22A0B6D42D8A15F400B15CB3 /* Products */;
			projectDirPath = "";
			projectRoot = "";
			targets = (
				22A0B6D22D8A15F400B15CB3 /* RelayExample */,
				22A0B6E32D8A15F700B15CB3 /* RelayExampleTests */,
				22A0B6ED2D8A15F700B15CB3 /* RelayExampleUITests */,
			);
		};
/* End PBXProject section */

/* Begin PBXResourcesBuildPhase section */
		22A0B6D12D8A15F400B15CB3 /* Resources */ = {
			isa = PBXResourcesBuildPhase;
			buildActionMask = 2147483647;
			files = (
			);
			runOnlyForDeploymentPostprocessing = 0;
		};
		22A0B6E22D8A15F700B15CB3 /* Resources */ = {
			isa = PBXResourcesBuildPhase;
			buildActionMask = 2147483647;
			files = (
			);
			runOnlyForDeploymentPostprocessing = 0;
		};
		22A0B6EC2D8A15F700B15CB3 /* Resources */ = {
			isa = PBXResourcesBuildPhase;
			buildActionMask = 2147483647;
			files = (
			);
			runOnlyForDeploymentPostprocessing = 0;
		};
/* End PBXResourcesBuildPhase section */

/* Begin PBXSourcesBuildPhase section */
		22A0B6CF2D8A15F400B15CB3 /* Sources */ = {
			isa = PBXSourcesBuildPhase;
			buildActionMask = 2147483647;
			files = (
			);
			runOnlyForDeploymentPostprocessing = 0;
		};
		22A0B6E02D8A15F700B15CB3 /* Sources */ = {
			isa = PBXSourcesBuildPhase;
			buildActionMask = 2147483647;
			files = (
			);
			runOnlyForDeploymentPostprocessing = 0;
		};
		22A0B6EA2D8A15F700B15CB3 /* Sources */ = {
			isa = PBXSourcesBuildPhase;
			buildActionMask = 2147483647;
			files = (
			);
			runOnlyForDeploymentPostprocessing = 0;
		};
/* End PBXSourcesBuildPhase section */

/* Begin PBXTargetDependency section */
		22A0B6E62D8A15F700B15CB3 /* PBXTargetDependency */ = {
			isa = PBXTargetDependency;
			target = 22A0B6D22D8A15F400B15CB3 /* RelayExample */;
			targetProxy = 22A0B6E52D8A15F700B15CB3 /* PBXContainerItemProxy */;
		};
		22A0B6F02D8A15F700B15CB3 /* PBXTargetDependency */ = {
			isa = PBXTargetDependency;
			target = 22A0B6D22D8A15F400B15CB3 /* RelayExample */;
			targetProxy = 22A0B6EF2D8A15F700B15CB3 /* PBXContainerItemProxy */;
		};
/* End PBXTargetDependency section */

/* Begin XCBuildConfiguration section */
		22A0B6F62D8A15F700B15CB3 /* Debug */ = {
			isa = XCBuildConfiguration;
			buildSettings = {
				ALWAYS_SEARCH_USER_PATHS = NO;
				ASSETCATALOG_COMPILER_GENERATE_SWIFT_ASSET_SYMBOL_EXTENSIONS = YES;
				CLANG_ANALYZER_NONNULL = YES;
				CLANG_ANALYZER_NUMBER_OBJECT_CONVERSION = YES_AGGRESSIVE;
				CLANG_CXX_LANGUAGE_STANDARD = "gnu++20";
				CLANG_ENABLE_MODULES = YES;
				CLANG_ENABLE_OBJC_ARC = YES;
				CLANG_ENABLE_OBJC_WEAK = YES;
				CLANG_WARN_BLOCK_CAPTURE_AUTORELEASING = YES;
				CLANG_WARN_BOOL_CONVERSION = YES;
				CLANG_WARN_COMMA = YES;
				CLANG_WARN_CONSTANT_CONVERSION = YES;
				CLANG_WARN_DEPRECATED_OBJC_IMPLEMENTATIONS = YES;
				CLANG_WARN_DIRECT_OBJC_ISA_USAGE = YES_ERROR;
				CLANG_WARN_DOCUMENTATION_COMMENTS = YES;
				CLANG_WARN_EMPTY_BODY = YES;
				CLANG_WARN_ENUM_CONVERSION = YES;
				CLANG_WARN_INFINITE_RECURSION = YES;
				CLANG_WARN_INT_CONVERSION = YES;
				CLANG_WARN_NON_LITERAL_NULL_CONVERSION = YES;
				CLANG_WARN_OBJC_IMPLICIT_RETAIN_SELF = YES;
				CLANG_WARN_OBJC_LITERAL_CONVERSION = YES;
				CLANG_WARN_OBJC_ROOT_CLASS = YES_ERROR;
				CLANG_WARN_QUOTED_INCLUDE_IN_FRAMEWORK_HEADER = YES;
				CLANG_WARN_RANGE_LOOP_ANALYSIS = YES;
				CLANG_WARN_STRICT_PROTOTYPES = YES;
				CLANG_WARN_SUSPICIOUS_MOVE = YES;
				CLANG_WARN_UNGUARDED_AVAILABILITY = YES_AGGRESSIVE;
				CLANG_WARN_UNREACHABLE_CODE = YES;
				CLANG_WARN__DUPLICATE_METHOD_MATCH = YES;
				COPY_PHASE_STRIP = NO;
				DEBUG_INFORMATION_FORMAT = dwarf;
				ENABLE_STRICT_OBJC_MSGSEND = YES;
				ENABLE_TESTABILITY = YES;
				ENABLE_USER_SCRIPT_SANDBOXING = YES;
				GCC_C_LANGUAGE_STANDARD = gnu17;
				GCC_DYNAMIC_NO_PIC = NO;
				GCC_NO_COMMON_BLOCKS = YES;
				GCC_OPTIMIZATION_LEVEL = 0;
				GCC_PREPROCESSOR_DEFINITIONS = (
					"DEBUG=1",
					"$(inherited)",
				);
				GCC_WARN_64_TO_32_BIT_CONVERSION = YES;
				GCC_WARN_ABOUT_RETURN_TYPE = YES_ERROR;
				GCC_WARN_UNDECLARED_SELECTOR = YES;
				GCC_WARN_UNINITIALIZED_AUTOS = YES_AGGRESSIVE;
				GCC_WARN_UNUSED_FUNCTION = YES;
				GCC_WARN_UNUSED_VARIABLE = YES;
				LOCALIZATION_PREFERS_STRING_CATALOGS = YES;
				MACOSX_DEPLOYMENT_TARGET = 15.1;
				MTL_ENABLE_DEBUG_INFO = INCLUDE_SOURCE;
				MTL_FAST_MATH = YES;
				ONLY_ACTIVE_ARCH = YES;
				SDKROOT = macosx;
				SWIFT_ACTIVE_COMPILATION_CONDITIONS = "DEBUG $(inherited)";
				SWIFT_OPTIMIZATION_LEVEL = "-Onone";
			};
			name = Debug;
		};
		22A0B6F72D8A15F700B15CB3 /* Release */ = {
			isa = XCBuildConfiguration;
			buildSettings = {
				ALWAYS_SEARCH_USER_PATHS = NO;
				ASSETCATALOG_COMPILER_GENERATE_SWIFT_ASSET_SYMBOL_EXTENSIONS = YES;
				CLANG_ANALYZER_NONNULL = YES;
				CLANG_ANALYZER_NUMBER_OBJECT_CONVERSION = YES_AGGRESSIVE;
				CLANG_CXX_LANGUAGE_STANDARD = "gnu++20";
				CLANG_ENABLE_MODULES = YES;
				CLANG_ENABLE_OBJC_ARC = YES;
				CLANG_ENABLE_OBJC_WEAK = YES;
				CLANG_WARN_BLOCK_CAPTURE_AUTORELEASING = YES;
				CLANG_WARN_BOOL_CONVERSION = YES;
				CLANG_WARN_COMMA = YES;
				CLANG_WARN_CONSTANT_CONVERSION = YES;
				CLANG_WARN_DEPRECATED_OBJC_IMPLEMENTATIONS = YES;
				CLANG_WARN_DIRECT_OBJC_ISA_USAGE = YES_ERROR;
				CLANG_WARN_DOCUMENTATION_COMMENTS = YES;
				CLANG_WARN_EMPTY_BODY = YES;
				CLANG_WARN_ENUM_CONVERSION = YES;
				CLANG_WARN_INFINITE_RECURSION = YES;
				CLANG_WARN_INT_CONVERSION = YES;
				CLANG_WARN_NON_LITERAL_NULL_CONVERSION = YES;
				CLANG_WARN_OBJC_IMPLICIT_RETAIN_SELF = YES;
				CLANG_WARN_OBJC_LITERAL_CONVERSION = YES;
				CLANG_WARN_OBJC_ROOT_CLASS = YES_ERROR;
				CLANG_WARN_QUOTED_INCLUDE_IN_FRAMEWORK_HEADER = YES;
				CLANG_WARN_RANGE_LOOP_ANALYSIS = YES;
				CLANG_WARN_STRICT_PROTOTYPES = YES;
				CLANG_WARN_SUSPICIOUS_MOVE = YES;
				CLANG_WARN_UNGUARDED_AVAILABILITY = YES_AGGRESSIVE;
				CLANG_WARN_UNREACHABLE_CODE = YES;
				CLANG_WARN__DUPLICATE_METHOD_MATCH = YES;
				COPY_PHASE_STRIP = NO;
				DEBUG_INFORMATION_FORMAT = "dwarf-with-dsym";
				ENABLE_NS_ASSERTIONS = NO;
				ENABLE_STRICT_OBJC_MSGSEND = YES;
				ENABLE_USER_SCRIPT_SANDBOXING = YES;
				GCC_C_LANGUAGE_STANDARD = gnu17;
				GCC_NO_COMMON_BLOCKS = YES;
				GCC_WARN_64_TO_32_BIT_CONVERSION = YES;
				GCC_WARN_ABOUT_RETURN_TYPE = YES_ERROR;
				GCC_WARN_UNDECLARED_SELECTOR = YES;
				GCC_WARN_UNINITIALIZED_AUTOS = YES_AGGRESSIVE;
				GCC_WARN_UNUSED_FUNCTION = YES;
				GCC_WARN_UNUSED_VARIABLE = YES;
				LOCALIZATION_PREFERS_STRING_CATALOGS = YES;
				MACOSX_DEPLOYMENT_TARGET = 15.1;
				MTL_ENABLE_DEBUG_INFO = NO;
				MTL_FAST_MATH = YES;
				SDKROOT = macosx;
				SWIFT_COMPILATION_MODE = wholemodule;
			};
			name = Release;
		};
		22A0B6F92D8A15F700B15CB3 /* Debug */ = {
			isa = XCBuildConfiguration;
			buildSettings = {
				ASSETCATALOG_COMPILER_APPICON_NAME = AppIcon;
				ASSETCATALOG_COMPILER_GLOBAL_ACCENT_COLOR_NAME = AccentColor;
				CODE_SIGN_ENTITLEMENTS = RelayExample/RelayExample.entitlements;
				CODE_SIGN_STYLE = Automatic;
				COMBINE_HIDPI_IMAGES = YES;
				CURRENT_PROJECT_VERSION = 1;
				DEVELOPMENT_ASSET_PATHS = "\"RelayExample/Preview Content\"";
				ENABLE_PREVIEWS = YES;
				GENERATE_INFOPLIST_FILE = YES;
				INFOPLIST_KEY_NSHumanReadableCopyright = "";
				LD_RUNPATH_SEARCH_PATHS = (
					"$(inherited)",
					"@executable_path/../Frameworks",
				);
				MARKETING_VERSION = 1.0;
				PRODUCT_BUNDLE_IDENTIFIER = com.relay.app.RelayExample;
				PRODUCT_NAME = "$(TARGET_NAME)";
				SWIFT_EMIT_LOC_STRINGS = YES;
				SWIFT_VERSION = 5.0;
			};
			name = Debug;
		};
		22A0B6FA2D8A15F700B15CB3 /* Release */ = {
			isa = XCBuildConfiguration;
			buildSettings = {
				ASSETCATALOG_COMPILER_APPICON_NAME = AppIcon;
				ASSETCATALOG_COMPILER_GLOBAL_ACCENT_COLOR_NAME = AccentColor;
				CODE_SIGN_ENTITLEMENTS = RelayExample/RelayExample.entitlements;
				CODE_SIGN_STYLE = Automatic;
				COMBINE_HIDPI_IMAGES = YES;
				CURRENT_PROJECT_VERSION = 1;
				DEVELOPMENT_ASSET_PATHS = "\"RelayExample/Preview Content\"";
				ENABLE_PREVIEWS = YES;
				GENERATE_INFOPLIST_FILE = YES;
				INFOPLIST_KEY_NSHumanReadableCopyright = "";
				LD_RUNPATH_SEARCH_PATHS = (
					"$(inherited)",
					"@executable_path/../Frameworks",
				);
				MARKETING_VERSION = 1.0;
				PRODUCT_BUNDLE_IDENTIFIER = com.relay.app.RelayExample;
				PRODUCT_NAME = "$(TARGET_NAME)";
				SWIFT_EMIT_LOC_STRINGS = YES;
				SWIFT_VERSION = 5.0;
			};
			name = Release;
		};
		22A0B6FC2D8A15F700B15CB3 /* Debug */ = {
			isa = XCBuildConfiguration;
			buildSettings = {
				BUNDLE_LOADER = "$(TEST_HOST)";
				CODE_SIGN_STYLE = Automatic;
				CURRENT_PROJECT_VERSION = 1;
				GENERATE_INFOPLIST_FILE = YES;
				MACOSX_DEPLOYMENT_TARGET = 15.1;
				MARKETING_VERSION = 1.0;
				PRODUCT_BUNDLE_IDENTIFIER = com.relay.app.RelayExampleTests;
				PRODUCT_NAME = "$(TARGET_NAME)";
				SWIFT_EMIT_LOC_STRINGS = NO;
				SWIFT_VERSION = 5.0;
				TEST_HOST = "$(BUILT_PRODUCTS_DIR)/RelayExample.app/$(BUNDLE_EXECUTABLE_FOLDER_PATH)/RelayExample";
			};
			name = Debug;
		};
		22A0B6FD2D8A15F700B15CB3 /* Release */ = {
			isa = XCBuildConfiguration;
			buildSettings = {
				BUNDLE_LOADER = "$(TEST_HOST)";
				CODE_SIGN_STYLE = Automatic;
				CURRENT_PROJECT_VERSION = 1;
				GENERATE_INFOPLIST_FILE = YES;
				MACOSX_DEPLOYMENT_TARGET = 15.1;
				MARKETING_VERSION = 1.0;
				PRODUCT_BUNDLE_IDENTIFIER = com.relay.app.RelayExampleTests;
				PRODUCT_NAME = "$(TARGET_NAME)";
				SWIFT_EMIT_LOC_STRINGS = NO;
				SWIFT_VERSION = 5.0;
				TEST_HOST = "$(BUILT_PRODUCTS_DIR)/RelayExample.app/$(BUNDLE_EXECUTABLE_FOLDER_PATH)/RelayExample";
			};
			name = Release;
		};
		22A0B6FF2D8A15F700B15CB3 /* Debug */ = {
			isa = XCBuildConfiguration;
			buildSettings = {
				CODE_SIGN_STYLE = Automatic;
				CURRENT_PROJECT_VERSION = 1;
				GENERATE_INFOPLIST_FILE = YES;
				MARKETING_VERSION = 1.0;
				PRODUCT_BUNDLE_IDENTIFIER = com.relay.app.RelayExampleUITests;
				PRODUCT_NAME = "$(TARGET_NAME)";
				SWIFT_EMIT_LOC_STRINGS = NO;
				SWIFT_VERSION = 5.0;
				TEST_TARGET_NAME = RelayExample;
			};
			name = Debug;
		};
		22A0B7002D8A15F700B15CB3 /* Release */ = {
			isa = XCBuildConfiguration;
			buildSettings = {
				CODE_SIGN_STYLE = Automatic;
				CURRENT_PROJECT_VERSION = 1;
				GENERATE_INFOPLIST_FILE = YES;
				MARKETING_VERSION = 1.0;
				PRODUCT_BUNDLE_IDENTIFIER = com.relay.app.RelayExampleUITests;
				PRODUCT_NAME = "$(TARGET_NAME)";
				SWIFT_EMIT_LOC_STRINGS = NO;
				SWIFT_VERSION = 5.0;
				TEST_TARGET_NAME = RelayExample;
			};
			name = Release;
		};
/* End XCBuildConfiguration section */

/* Begin XCConfigurationList section */
		22A0B6CE2D8A15F400B15CB3 /* Build configuration list for PBXProject "RelayExample" */ = {
			isa = XCConfigurationList;
			buildConfigurations = (
				22A0B6F62D8A15F700B15CB3 /* Debug */,
				22A0B6F72D8A15F700B15CB3 /* Release */,
			);
			defaultConfigurationIsVisible = 0;
			defaultConfigurationName = Release;
		};
		22A0B6F82D8A15F700B15CB3 /* Build configuration list for PBXNativeTarget "RelayExample" */ = {
			isa = XCConfigurationList;
			buildConfigurations = (
				22A0B6F92D8A15F700B15CB3 /* Debug */,
				22A0B6FA2D8A15F700B15CB3 /* Release */,
			);
			defaultConfigurationIsVisible = 0;
			defaultConfigurationName = Release;
		};
		22A0B6FB2D8A15F700B15CB3 /* Build configuration list for PBXNativeTarget "RelayExampleTests" */ = {
			isa = XCConfigurationList;
			buildConfigurations = (
				22A0B6FC2D8A15F700B15CB3 /* Debug */,
				22A0B6FD2D8A15F700B15CB3 /* Release */,
			);
			defaultConfigurationIsVisible = 0;
			defaultConfigurationName = Release;
		};
		22A0B6FE2D8A15F700B15CB3 /* Build configuration list for PBXNativeTarget "RelayExampleUITests" */ = {
			isa = XCConfigurationList;
			buildConfigurations = (
				22A0B6FF2D8A15F700B15CB3 /* Debug */,
				22A0B7002D8A15F700B15CB3 /* Release */,
			);
			defaultConfigurationIsVisible = 0;
			defaultConfigurationName = Release;
		};
/* End XCConfigurationList section */

/* Begin XCLocalSwiftPackageReference section */
		225E675D2D8DBF3200CDB04D /* XCLocalSwiftPackageReference "../relay" */ = {
			isa = XCLocalSwiftPackageReference;
			relativePath = ../relay;
		};
/* End XCLocalSwiftPackageReference section */

/* Begin XCRemoteSwiftPackageReference section */
		22B90D2D2DFB32140031ECA1 /* XCRemoteSwiftPackageReference "swift-markdown-ui" */ = {
			isa = XCRemoteSwiftPackageReference;
			repositoryURL = "https://github.com/gonzalezreal/swift-markdown-ui";
			requirement = {
				kind = upToNextMajorVersion;
				minimumVersion = 2.4.1;
			};
		};
/* End XCRemoteSwiftPackageReference section */

/* Begin XCSwiftPackageProductDependency section */
		22A0B7032D8A1CDD00B15CB3 /* Relay */ = {
			isa = XCSwiftPackageProductDependency;
			productName = Relay;
		};
		22B90D2F2DFB351B0031ECA1 /* MarkdownUI */ = {
			isa = XCSwiftPackageProductDependency;
			package = 22B90D2D2DFB32140031ECA1 /* XCRemoteSwiftPackageReference "swift-markdown-ui" */;
			productName = MarkdownUI;
		};
/* End XCSwiftPackageProductDependency section */
	};
	rootObject = 22A0B6CB2D8A15F400B15CB3 /* Project object */;
}
